{
  "version": 4,
  "terraform_version": "1.5.7",
  "serial": 1,
  "lineage": "d8518b4e-c6ee-9c42-a498-3ae63d33a207",
  "outputs": {},
  "resources": [
    {
      "mode": "managed",
      "type": "github_repository",
      "name": "cpp_essentials",
      "provider": "provider[\"registry.terraform.io/hashicorp/github\"]",
      "instances": [
        {
          "schema_version": 1,
          "attributes": {
            "allow_auto_merge": false,
            "allow_merge_commit": true,
            "allow_rebase_merge": true,
            "allow_squash_merge": true,
            "allow_update_branch": false,
            "archive_on_destroy": null,
            "archived": false,
            "auto_init": null,
            "default_branch": "main",
            "delete_branch_on_merge": false,
            "description": "CPP essential training.",
            "etag": "W/\"54640bdfb62159d49423273e7beff3a2649bdfb0fd1a13b18bd09895c084ec10\"",
            "full_name": "lexara-prime-ai/cpp_essentials",
            "git_clone_url": "git://github.com/lexara-prime-ai/cpp_essentials.git",
            "gitignore_template": null,
            "has_discussions": false,
            "has_downloads": false,
            "has_issues": false,
            "has_projects": false,
            "has_wiki": false,
            "homepage_url": "",
            "html_url": "https://github.com/lexara-prime-ai/cpp_essentials",
            "http_clone_url": "https://github.com/lexara-prime-ai/cpp_essentials.git",
            "id": "cpp_essentials",
            "ignore_vulnerability_alerts_during_read": null,
            "is_template": false,
            "license_template": null,
            "merge_commit_message": "PR_TITLE",
            "merge_commit_title": "MERGE_MESSAGE",
            "name": "cpp_essentials",
            "node_id": "R_kgDOMdiTpA",
            "pages": [],
            "primary_language": "",
            "private": false,
            "repo_id": 836277156,
            "security_and_analysis": [
              {
                "advanced_security": [],
                "secret_scanning": [
                  {
                    "status": "enabled"
                  }
                ],
                "secret_scanning_push_protection": [
                  {
                    "status": "enabled"
                  }
                ]
              }
            ],
            "squash_merge_commit_message": "COMMIT_MESSAGES",
            "squash_merge_commit_title": "COMMIT_OR_PR_TITLE",
            "ssh_clone_url": "git@github.com:lexara-prime-ai/cpp_essentials.git",
            "svn_url": "https://github.com/lexara-prime-ai/cpp_essentials",
            "template": [],
            "topics": [],
            "visibility": "public",
            "vulnerability_alerts": true,
            "web_commit_signoff_required": false
          },
          "sensitive_attributes": [],
          "private": "eyJzY2hlbWFfdmVyc2lvbiI6IjEifQ=="
        }
      ]
    }
  ],
  "check_results": null
}
